
Microsoft Visual Studio Solution File, Format Version 12.00
Project("{FAE04EC0-301F-11D3-BF4B-00C04F79EFBC}") = "Api", "src\Api\Api.csproj", "{FBAADDEC-196D-4B45-ACE0-789CDF63E1D6}"
EndProject
Global
	GlobalSection(SolutionConfigurationPlatforms) = preSolution
		Debug|Any CPU = Debug|Any CPU
		Release|Any CPU = Release|Any CPU
	EndGlobalSection
	GlobalSection(ProjectConfigurationPlatforms) = postSolution
		{FBAADDEC-196D-4B45-ACE0-789CDF63E1D6}.Debug|Any CPU.ActiveCfg = Debug|Any CPU
		{FBAADDEC-196D-4B45-ACE0-789CDF63E1D6}.Debug|Any CPU.Build.0 = Debug|Any CPU
		{FBAADDEC-196D-4B45-ACE0-789CDF63E1D6}.Release|Any CPU.ActiveCfg = Release|Any CPU
		{FBAADDEC-196D-4B45-ACE0-789CDF63E1D6}.Release|Any CPU.Build.0 = Release|Any CPU
	EndGlobalSection
EndGlobal
